
Microsoft Visual Studio Solution File, Format Version 12.00
# Visual Studio Version 16
VisualStudioVersion = 16.0.30204.135
MinimumVisualStudioVersion = 10.0.40219.1
Project("{FAE04EC0-301F-11D3-BF4B-00C04F79EFBC}") = "IcoTrans", "IcoTrans\IcoTrans.csproj", "{64610F3F-2D70-4647-B6AD-0FDDE21610CF}"
EndProject
Global
	GlobalSection(SolutionConfigurationPlatforms) = preSolution
		Debug|Any CPU = Debug|Any CPU
		Release|Any CPU = Release|Any CPU
	EndGlobalSection
	GlobalSection(ProjectConfigurationPlatforms) = postSolution
		{64610F3F-2D70-4647-B6AD-0FDDE21610CF}.Debug|Any CPU.ActiveCfg = Debug|Any CPU
		{64610F3F-2D70-4647-B6AD-0FDDE21610CF}.Debug|Any CPU.Build.0 = Debug|Any CPU
		{64610F3F-2D70-4647-B6AD-0FDDE21610CF}.Release|Any CPU.ActiveCfg = Release|Any CPU
		{64610F3F-2D70-4647-B6AD-0FDDE21610CF}.Release|Any CPU.Build.0 = Release|Any CPU
	EndGlobalSection
	GlobalSection(SolutionProperties) = preSolution
		HideSolutionNode = FALSE
	EndGlobalSection
	GlobalSection(ExtensibilityGlobals) = postSolution
		SolutionGuid = {94C341D5-C6B1-4682-8787-3D3DC60B2C15}
	EndGlobalSection
EndGlobal
